{
    "name": "rest-api-demo",
    "version": "1.0.0",
    "lockfileVersion": 3,
    "requires": true,
    "packages": {
        "": {
            "name": "rest-api-demo",
            "version": "1.0.0",
            "license": "ISC",
            "dependencies": {
                "newgatejs": "file:../"
            }
        },
        "..": {
            "name": "newgatejs",
            "version": "1.2.4",
            "license": "ISC",
            "dependencies": {
                "busboy": "^1.6.0",
                "csv-parse": "^5.6.0",
                "xml2js": "^0.6.2",
                "yaml": "^2.8.1"
            },
            "bin": {
                "newgatejs": "bin/newgatejs.js"
            },
            "devDependencies": {
                "@types/busboy": "^1.5.4",
                "@types/node": "^22.19.1",
                "eslint": "^9.39.1",
                "husky": "^8.0.3",
                "prettier": "^3.6.2",
                "vitest": "^1.6.1"
            },
            "optionalDependencies": {
                "msgpackr": "^1.10.1",
                "protobufjs": "^7.2.5",
                "toml": "^3.0.0"
            }
        },
        "node_modules/newgatejs": {
            "resolved": "..",
            "link": true
        }
    }
}
